
Microsoft Visual Studio Solution File, Format Version 12.00
# Visual Studio Version 17
VisualStudioVersion = 17.11.35327.3
MinimumVisualStudioVersion = 10.0.40219.1
Project("{9A19103F-16F7-4668-BE54-9A1E7A4F7556}") = "Workbench", "Workbench\Workbench.csproj", "{1901B325-7EFA-453C-B097-397938275348}"
EndProject
Global
	GlobalSection(SolutionConfigurationPlatforms) = preSolution
		Debug|x64 = Debug|x64
		Release|x64 = Release|x64
	EndGlobalSection
	GlobalSection(ProjectConfigurationPlatforms) = postSolution
		{1901B325-7EFA-453C-B097-397938275348}.Debug|x64.ActiveCfg = Debug|x64
		{1901B325-7EFA-453C-B097-397938275348}.Debug|x64.Build.0 = Debug|x64
		{1901B325-7EFA-453C-B097-397938275348}.Release|x64.ActiveCfg = Release|x64
		{1901B325-7EFA-453C-B097-397938275348}.Release|x64.Build.0 = Release|x64
	EndGlobalSection
	GlobalSection(SolutionProperties) = preSolution
		HideSolutionNode = FALSE
	EndGlobalSection
	GlobalSection(ExtensibilityGlobals) = postSolution
		SolutionGuid = {02A9FC0B-D82D-4A32-9FCD-DCB71F85192A}
	EndGlobalSection
EndGlobal
